
Microsoft Visual Studio Solution File, Format Version 12.00
# Visual Studio Version 17
VisualStudioVersion = 17.13.35919.96 d17.13
MinimumVisualStudioVersion = 10.0.40219.1
Project("{FAE04EC0-301F-11D3-BF4B-00C04F79EFBC}") = "votacao", "votacao\votacao.csproj", "{A7EC6F99-E3DE-48B7-87AA-264F671CF973}"
EndProject
Global
	GlobalSection(SolutionConfigurationPlatforms) = preSolution
		Debug|Any CPU = Debug|Any CPU
		Release|Any CPU = Release|Any CPU
	EndGlobalSection
	GlobalSection(ProjectConfigurationPlatforms) = postSolution
		{A7EC6F99-E3DE-48B7-87AA-264F671CF973}.Debug|Any CPU.ActiveCfg = Debug|Any CPU
		{A7EC6F99-E3DE-48B7-87AA-264F671CF973}.Debug|Any CPU.Build.0 = Debug|Any CPU
		{A7EC6F99-E3DE-48B7-87AA-264F671CF973}.Release|Any CPU.ActiveCfg = Release|Any CPU
		{A7EC6F99-E3DE-48B7-87AA-264F671CF973}.Release|Any CPU.Build.0 = Release|Any CPU
	EndGlobalSection
	GlobalSection(SolutionProperties) = preSolution
		HideSolutionNode = FALSE
	EndGlobalSection
	GlobalSection(ExtensibilityGlobals) = postSolution
		SolutionGuid = {9E0DCD4B-F70A-4DE4-AC53-F4839A00DA8C}
	EndGlobalSection
EndGlobal
