
Microsoft Visual Studio Solution File, Format Version 12.00
# Visual Studio Version 17
VisualStudioVersion = 17.13.35919.96 d17.13
MinimumVisualStudioVersion = 10.0.40219.1
Project("{FAE04EC0-301F-11D3-BF4B-00C04F79EFBC}") = "historico", "historico\historico.csproj", "{ADE22E0D-0F81-4656-9FD9-6164DD7A4468}"
EndProject
Global
	GlobalSection(SolutionConfigurationPlatforms) = preSolution
		Debug|Any CPU = Debug|Any CPU
		Release|Any CPU = Release|Any CPU
	EndGlobalSection
	GlobalSection(ProjectConfigurationPlatforms) = postSolution
		{ADE22E0D-0F81-4656-9FD9-6164DD7A4468}.Debug|Any CPU.ActiveCfg = Debug|Any CPU
		{ADE22E0D-0F81-4656-9FD9-6164DD7A4468}.Debug|Any CPU.Build.0 = Debug|Any CPU
		{ADE22E0D-0F81-4656-9FD9-6164DD7A4468}.Release|Any CPU.ActiveCfg = Release|Any CPU
		{ADE22E0D-0F81-4656-9FD9-6164DD7A4468}.Release|Any CPU.Build.0 = Release|Any CPU
	EndGlobalSection
	GlobalSection(SolutionProperties) = preSolution
		HideSolutionNode = FALSE
	EndGlobalSection
	GlobalSection(ExtensibilityGlobals) = postSolution
		SolutionGuid = {18D72522-3645-440F-B3B7-27DEBA8E532F}
	EndGlobalSection
EndGlobal
